
Microsoft Visual Studio Solution File, Format Version 12.00
# Visual Studio Version 17
VisualStudioVersion = 17.3.32929.385
MinimumVisualStudioVersion = 10.0.40219.1
Project("{8BC9CEB8-8B4A-11D0-8D11-00A0C91BC942}") = "DIPCD_DengLei", "DIPCD_DengLei.vcxproj", "{6B5A83D7-DC21-4450-85A3-69A20D868C16}"
EndProject
Global
	GlobalSection(SolutionConfigurationPlatforms) = preSolution
		Debug|x64 = Debug|x64
		Release|x64 = Release|x64
	EndGlobalSection
	GlobalSection(ProjectConfigurationPlatforms) = postSolution
		{6B5A83D7-DC21-4450-85A3-69A20D868C16}.Debug|x64.ActiveCfg = Debug|x64
		{6B5A83D7-DC21-4450-85A3-69A20D868C16}.Debug|x64.Build.0 = Debug|x64
		{6B5A83D7-DC21-4450-85A3-69A20D868C16}.Release|x64.ActiveCfg = Release|x64
		{6B5A83D7-DC21-4450-85A3-69A20D868C16}.Release|x64.Build.0 = Release|x64
	EndGlobalSection
	GlobalSection(SolutionProperties) = preSolution
		HideSolutionNode = FALSE
	EndGlobalSection
	GlobalSection(ExtensibilityGlobals) = postSolution
		SolutionGuid = {5D27F78A-8A14-4D00-800E-B44BD5A6C711}
	EndGlobalSection
EndGlobal
